<?xml version="1.0" encoding="utf-8"?>
<Project ToolsVersion="4.0" xmlns="http://schemas.microsoft.com/developer/msbuild/2003">
  <ItemGroup>
    <Filter Include="Source Files">
      <UniqueIdentifier>{4FC737F1-C7A5-4376-A066-2A32D752A2FF}</UniqueIdentifier>
      <Extensions>cpp;c;cc;cxx;def;odl;idl;hpj;bat;asm;asmx</Extensions>
    </Filter>
    <Filter Include="Header Files">
      <UniqueIdentifier>{93995380-89BD-4b04-88EB-625FBE52EBFB}</UniqueIdentifier>
      <Extensions>h;hh;hpp;hxx;hm;inl;inc;xsd</Extensions>
    </Filter>
    <Filter Include="Resource Files">
      <UniqueIdentifier>{67DA6AB6-F800-4c08-8B7A-83BB121AAD01}</UniqueIdentifier>
      <Extensions>rc;ico;cur;bmp;dlg;rc2;rct;bin;rgs;gif;jpg;jpeg;jpe;resx;tiff;tif;png;wav;mfcribbon-ms</Extensions>
    </Filter>
    <Filter Include="Utilities">
      <UniqueIdentifier>{4ef737dc-4b2c-4003-9f58-40d1c4c2d860}</UniqueIdentifier>
    </Filter>
    <Filter Include="Resource Files\default">
      <UniqueIdentifier>{101e713e-0090-4347-8ba5-037f6b16931b}</UniqueIdentifier>
    </Filter>
    <Filter Include="Resource Files\dankmemes">
      <UniqueIdentifier>{ef481e92-3203-420e-ba9a-98b279f84c8f}</UniqueIdentifier>
    </Filter>
    <Filter Include="Resource Files\default\graphic">
      <UniqueIdentifier>{356c197d-f7ec-4552-abc3-446dbe37ede2}</UniqueIdentifier>
    </Filter>
    <Filter Include="Resource Files\default\sounds">
      <UniqueIdentifier>{5d61afa4-b25a-4f6d-8fdf-22518742f5df}</UniqueIdentifier>
    </Filter>
    <Filter Include="Resource Files\default\text">
      <UniqueIdentifier>{f4e96bbe-4778-4330-9b56-5dc530e0252b}</UniqueIdentifier>
    </Filter>
    <Filter Include="Utilities\XML">
      <UniqueIdentifier>{de6bf150-0877-4044-a6d4-18a7ca1629aa}</UniqueIdentifier>
    </Filter>
    <Filter Include="Header Files\GameStates">
      <UniqueIdentifier>{53bea0ce-2d5c-44f8-b74e-4ae7a6162a4c}</UniqueIdentifier>
    </Filter>
    <Filter Include="Source Files\GameStates">
      <UniqueIdentifier>{86ba33bd-fa99-4f57-82be-221d1fa0b279}</UniqueIdentifier>
    </Filter>
  </ItemGroup>
  <ItemGroup>
    <ClInclude Include="Game.h">
      <Filter>Header Files</Filter>
    </ClInclude>
    <ClInclude Include="Animation.h">
      <Filter>Header Files</Filter>
    </ClInclude>
    <ClInclude Include="Clickable.h">
      <Filter>Header Files</Filter>
    </ClInclude>
    <ClInclude Include="GameObject.h">
      <Filter>Header Files</Filter>
    </ClInclude>
    <ClInclude Include="Object.h">
      <Filter>Header Files</Filter>
    </ClInclude>
    <ClInclude Include="Utilities\File.h">
      <Filter>Utilities</Filter>
    </ClInclude>
    <ClInclude Include="Utilities\FileManager.h">
      <Filter>Utilities</Filter>
    </ClInclude>
    <ClInclude Include="Utilities\Logger.h">
      <Filter>Utilities</Filter>
    </ClInclude>
    <ClInclude Include="Utilities\Time.h">
      <Filter>Utilities</Filter>
    </ClInclude>
    <ClInclude Include="Ship.h">
      <Filter>Header Files</Filter>
    </ClInclude>
    <ClInclude Include="Resources.h">
      <Filter>Header Files</Filter>
    </ClInclude>
    <ClInclude Include="Persistance.h">
      <Filter>Header Files</Filter>
    </ClInclude>
    <ClInclude Include="..\pugixml-1.8\src\pugixml.hpp">
      <Filter>Utilities\XML</Filter>
    </ClInclude>
    <ClInclude Include="..\pugixml-1.8\src\pugiconfig.hpp">
      <Filter>Utilities\XML</Filter>
    </ClInclude>
    <ClInclude Include="GameOption.h">
      <Filter>Header Files</Filter>
    </ClInclude>
    <ClInclude Include="KeyBinds.h">
      <Filter>Header Files</Filter>
    </ClInclude>
    <ClInclude Include="GameMenuState.h">
      <Filter>Header Files\GameStates</Filter>
    </ClInclude>
    <ClInclude Include="GameOptionState.h">
      <Filter>Header Files\GameStates</Filter>
    </ClInclude>
    <ClInclude Include="GamePlayState.h">
      <Filter>Header Files\GameStates</Filter>
    </ClInclude>
    <ClInclude Include="GameState.h">
      <Filter>Header Files\GameStates</Filter>
    </ClInclude>
    <ClInclude Include="GameStatState.h">
      <Filter>Header Files\GameStates</Filter>
    </ClInclude>
    <ClInclude Include="Label.h">
      <Filter>Header Files</Filter>
    </ClInclude>
    <ClInclude Include="GUIObject.h">
      <Filter>Header Files</Filter>
    </ClInclude>
    <ClInclude Include="MessageBox.h">
      <Filter>Header Files</Filter>
    </ClInclude>
    <ClInclude Include="Indicator.h">
      <Filter>Header Files</Filter>
    </ClInclude>
  </ItemGroup>
  <ItemGroup>
    <ClCompile Include="Asteroids.cpp">
      <Filter>Source Files</Filter>
    </ClCompile>
    <ClCompile Include="Animation.cpp">
      <Filter>Source Files</Filter>
    </ClCompile>
    <ClCompile Include="Game.cpp">
      <Filter>Source Files</Filter>
    </ClCompile>
    <ClCompile Include="Clickable.cpp">
      <Filter>Source Files</Filter>
    </ClCompile>
    <ClCompile Include="GameObject.cpp">
      <Filter>Source Files</Filter>
    </ClCompile>
    <ClCompile Include="Utilities\File.cpp">
      <Filter>Utilities</Filter>
    </ClCompile>
    <ClCompile Include="Utilities\FileManager.cpp">
      <Filter>Utilities</Filter>
    </ClCompile>
    <ClCompile Include="Utilities\Logger.cpp">
      <Filter>Utilities</Filter>
    </ClCompile>
    <ClCompile Include="Ship.cpp">
      <Filter>Source Files</Filter>
    </ClCompile>
    <ClCompile Include="Persistance.cpp">
      <Filter>Source Files</Filter>
    </ClCompile>
    <ClCompile Include="..\pugixml-1.8\src\pugixml.cpp">
      <Filter>Utilities\XML</Filter>
    </ClCompile>
    <ClCompile Include="GameOption.cpp">
      <Filter>Source Files</Filter>
    </ClCompile>
    <ClCompile Include="KeyBinds.cpp">
      <Filter>Source Files</Filter>
    </ClCompile>
    <ClCompile Include="GameMenuState.cpp">
      <Filter>Source Files\GameStates</Filter>
    </ClCompile>
    <ClCompile Include="GameOptionState.cpp">
      <Filter>Source Files\GameStates</Filter>
    </ClCompile>
    <ClCompile Include="GamePlayState.cpp">
      <Filter>Source Files\GameStates</Filter>
    </ClCompile>
    <ClCompile Include="GameStatState.cpp">
      <Filter>Source Files\GameStates</Filter>
    </ClCompile>
    <ClCompile Include="Label.cpp">
      <Filter>Source Files</Filter>
    </ClCompile>
    <ClCompile Include="GUIObject.cpp">
      <Filter>Source Files</Filter>
    </ClCompile>
    <ClCompile Include="MessageBox.cpp">
      <Filter>Source Files</Filter>
    </ClCompile>
    <ClCompile Include="Indicator.cpp">
      <Filter>Source Files</Filter>
    </ClCompile>
  </ItemGroup>
  <ItemGroup>
    <Image Include="assets\default\graphic\background_b.png">
      <Filter>Resource Files\default\graphic</Filter>
    </Image>
    <Image Include="assets\default\graphic\background_f.png">
      <Filter>Resource Files\default\graphic</Filter>
    </Image>
    <Image Include="assets\default\graphic\menu_button.png">
      <Filter>Resource Files\default\graphic</Filter>
    </Image>
    <Image Include="assets\default\graphic\prototype-asteroid.png">
      <Filter>Resource Files\default\graphic</Filter>
    </Image>
    <Image Include="assets\default\graphic\ship.png">
      <Filter>Resource Files\default\graphic</Filter>
    </Image>
    <Image Include="assets\default\graphic\ship-blackborder.png">
      <Filter>Resource Files\default\graphic</Filter>
    </Image>
  </ItemGroup>
  <ItemGroup>
    <Font Include="assets\default\text\comic.ttf">
      <Filter>Resource Files\default\text</Filter>
    </Font>
  </ItemGroup>
</Project>